
Microsoft Visual Studio Solution File, Format Version 12.00
# Visual Studio 15
VisualStudioVersion = 15.0.28010.2046
MinimumVisualStudioVersion = 10.0.40219.1
Project("{FAE04EC0-301F-11D3-BF4B-00C04F79EFBC}") = "ProjetoFinal", "ProjetoFinal\ProjetoFinal.csproj", "{7D240F2B-70B0-423B-89C7-800285C1A460}"
EndProject
Global
	GlobalSection(SolutionConfigurationPlatforms) = preSolution
		Debug|Any CPU = Debug|Any CPU
		Release|Any CPU = Release|Any CPU
	EndGlobalSection
	GlobalSection(ProjectConfigurationPlatforms) = postSolution
		{7D240F2B-70B0-423B-89C7-800285C1A460}.Debug|Any CPU.ActiveCfg = Debug|Any CPU
		{7D240F2B-70B0-423B-89C7-800285C1A460}.Debug|Any CPU.Build.0 = Debug|Any CPU
		{7D240F2B-70B0-423B-89C7-800285C1A460}.Release|Any CPU.ActiveCfg = Release|Any CPU
		{7D240F2B-70B0-423B-89C7-800285C1A460}.Release|Any CPU.Build.0 = Release|Any CPU
	EndGlobalSection
	GlobalSection(SolutionProperties) = preSolution
		HideSolutionNode = FALSE
	EndGlobalSection
	GlobalSection(ExtensibilityGlobals) = postSolution
		SolutionGuid = {0519F959-4B7E-4CE5-AA42-F84E097D9144}
	EndGlobalSection
EndGlobal
